
Microsoft Visual Studio Solution File, Format Version 12.00
# Visual Studio 14
VisualStudioVersion = 14.0.24720.0
MinimumVisualStudioVersion = 10.0.40219.1
Project("{FAE04EC0-301F-11D3-BF4B-00C04F79EFBC}") = "DownloadData.TituloPublico", "DownloadData.TituloPublico\DownloadData.TituloPublico.csproj", "{993F318B-7EDE-46A3-BAF8-B022229E6BB6}"
EndProject
Project("{FAE04EC0-301F-11D3-BF4B-00C04F79EFBC}") = "DownloadData.TituloPublico.Tests", "DownloadData.TituloPublico.Tests\DownloadData.TituloPublico.Tests.csproj", "{9B21712C-2CDE-410F-8437-0A2D88EE30AF}"
EndProject
Project("{FAE04EC0-301F-11D3-BF4B-00C04F79EFBC}") = "DownloadData.Utils", "DownloadData.Utils\DownloadData.Utils.csproj", "{9A3E63A0-CAAD-4FAC-98AF-05A3ABC66E83}"
EndProject
Global
	GlobalSection(SolutionConfigurationPlatforms) = preSolution
		Debug|Any CPU = Debug|Any CPU
		Release|Any CPU = Release|Any CPU
	EndGlobalSection
	GlobalSection(ProjectConfigurationPlatforms) = postSolution
		{993F318B-7EDE-46A3-BAF8-B022229E6BB6}.Debug|Any CPU.ActiveCfg = Debug|Any CPU
		{993F318B-7EDE-46A3-BAF8-B022229E6BB6}.Debug|Any CPU.Build.0 = Debug|Any CPU
		{993F318B-7EDE-46A3-BAF8-B022229E6BB6}.Release|Any CPU.ActiveCfg = Release|Any CPU
		{993F318B-7EDE-46A3-BAF8-B022229E6BB6}.Release|Any CPU.Build.0 = Release|Any CPU
		{9B21712C-2CDE-410F-8437-0A2D88EE30AF}.Debug|Any CPU.ActiveCfg = Debug|Any CPU
		{9B21712C-2CDE-410F-8437-0A2D88EE30AF}.Debug|Any CPU.Build.0 = Debug|Any CPU
		{9B21712C-2CDE-410F-8437-0A2D88EE30AF}.Release|Any CPU.ActiveCfg = Release|Any CPU
		{9B21712C-2CDE-410F-8437-0A2D88EE30AF}.Release|Any CPU.Build.0 = Release|Any CPU
		{9A3E63A0-CAAD-4FAC-98AF-05A3ABC66E83}.Debug|Any CPU.ActiveCfg = Debug|Any CPU
		{9A3E63A0-CAAD-4FAC-98AF-05A3ABC66E83}.Debug|Any CPU.Build.0 = Debug|Any CPU
		{9A3E63A0-CAAD-4FAC-98AF-05A3ABC66E83}.Release|Any CPU.ActiveCfg = Release|Any CPU
		{9A3E63A0-CAAD-4FAC-98AF-05A3ABC66E83}.Release|Any CPU.Build.0 = Release|Any CPU
	EndGlobalSection
	GlobalSection(SolutionProperties) = preSolution
		HideSolutionNode = FALSE
	EndGlobalSection
EndGlobal
